# THIS IS AN AUTOGENERATED FILE. DO NOT EDIT THIS FILE DIRECTLY.
# yarn lockfile v1


"@types/node@^15.0.0":
  version "15.0.0"
  resolved "https://registry.yarnpkg.com/@types/node/-/node-15.0.0.tgz#557dd0da4a6dca1407481df3bbacae0cd6f68042"
  integrity sha512-YN1d+ae2MCb4U0mMa+Zlb5lWTdpFShbAj5nmte6lel27waMMBfivrm0prC16p/Di3DyTrmerrYUT8/145HXxVw==

coc.nvim@^0.0.80:
  version "0.0.80"
  resolved "https://registry.yarnpkg.com/coc.nvim/-/coc.nvim-0.0.80.tgz#785145c382660db03f517f9b497900d95cbd0e4f"
  integrity sha512-/3vTcnofoAYMrdENrlQmADTzfXX4+PZ0fiM10a39UA37dTR2dpIGi9O469kcIksuunLjToqWG8S45AGx/9wV7g==

esbuild@^0.11.0:
  version "0.11.13"
  resolved "https://registry.yarnpkg.com/esbuild/-/esbuild-0.11.13.tgz#f61bb9b62f1ea5b749537db78fafb11c9cc0e096"
  integrity sha512-d5coY4dd4rVWle0WzrR8+32ukKtZroVJ/wJzOwbBEmoSFB/H3QME0l+3IAN5Sf3LtuoUSivdv1/b5rD7OykXeg==

rome@^10.0.4-beta:
  version "10.0.4-beta"
  resolved "https://registry.yarnpkg.com/rome/-/rome-10.0.4-beta.tgz#67f2605b11462496da68ef9b15cb7ff2f4965862"
  integrity sha512-wDD/ZdImSt7Cg1/u3TxIBjIs56tEhPmXV/Rry1nExV+RogaLaF1IXTUbYNXDFzXBk9fEg+gnBovkY4WN/f41WQ==

typescript@^4.2.3:
  version "4.2.4"
  resolved "https://registry.yarnpkg.com/typescript/-/typescript-4.2.4.tgz#8610b59747de028fda898a8aef0e103f156d0961"
  integrity sha512-V+evlYHZnQkaz8TRBuxTA92yZBPotr5H+WhQ7bD3hZUndx5tGOa1fuCgeSjxAzM1RiN5IzvadIXTVefuuwZCRg==
