# THIS IS AN AUTOGENERATED FILE. DO NOT EDIT THIS FILE DIRECTLY.
# yarn lockfile v1


"@types/node@^15.0.0":
  version "15.12.5"
  resolved "https://registry.yarnpkg.com/@types/node/-/node-15.12.5.tgz#9a78318a45d75c9523d2396131bd3cca54b2d185"
  integrity sha512-se3yX7UHv5Bscf8f1ERKvQOD6sTyycH3hdaoozvaLxgUiY5lIGEeH37AD0G0Qi9kPqihPn0HOfd2yaIEN9VwEg==

coc.nvim@^0.0.80:
  version "0.0.80"
  resolved "https://registry.yarnpkg.com/coc.nvim/-/coc.nvim-0.0.80.tgz#785145c382660db03f517f9b497900d95cbd0e4f"
  integrity sha512-/3vTcnofoAYMrdENrlQmADTzfXX4+PZ0fiM10a39UA37dTR2dpIGi9O469kcIksuunLjToqWG8S45AGx/9wV7g==

esbuild@^0.12.0:
  version "0.12.12"
  resolved "https://registry.yarnpkg.com/esbuild/-/esbuild-0.12.12.tgz#2c3815c508e20f771cf6b2ffb03aa7349e651657"
  integrity sha512-fdB/8HRg9u95Zi4/qV+osrfzpvLzubFKUr8SkZf/kUKImLiX61Y7qBzV14FCKphFk7YoXWY85nbPGkI6pq+Zeg==

rome@^10.0.4-beta:
  version "10.0.4-beta"
  resolved "https://registry.yarnpkg.com/rome/-/rome-10.0.4-beta.tgz#67f2605b11462496da68ef9b15cb7ff2f4965862"
  integrity sha512-wDD/ZdImSt7Cg1/u3TxIBjIs56tEhPmXV/Rry1nExV+RogaLaF1IXTUbYNXDFzXBk9fEg+gnBovkY4WN/f41WQ==

typescript@^4.2.3:
  version "4.3.5"
  resolved "https://registry.yarnpkg.com/typescript/-/typescript-4.3.5.tgz#4d1c37cc16e893973c45a06886b7113234f119f4"
  integrity sha512-DqQgihaQ9cUrskJo9kIyW/+g0Vxsk8cDtZ52a3NGh0YNTfpUSArXSohyUGnvbPazEPLu398C0UxmKSOrPumUzA==
